<?xml version="1.0" encoding="utf-8"?>
<Project ToolsVersion="4.0" xmlns="http://schemas.microsoft.com/developer/msbuild/2003">
  <ItemGroup>
    <ClInclude Include="stdafx.h" />
    <ClInclude Include="database\DBProxy.h">
      <Filter>database</Filter>
    </ClInclude>
    <ClInclude Include="database\DBResult.h">
      <Filter>database</Filter>
    </ClInclude>
    <ClInclude Include="database\RedisProxy.h">
      <Filter>database</Filter>
    </ClInclude>
    <ClInclude Include="database\DBHandler.h">
      <Filter>database</Filter>
    </ClInclude>
    <ClInclude Include="pandadb_fwd.h" />
    <ClInclude Include="pandadb_pch.hpp" />
    <ClInclude Include="credis\RedisClient.hpp">
      <Filter>credis</Filter>
    </ClInclude>
    <ClInclude Include="credis\hiredis.hpp">
      <Filter>credis</Filter>
    </ClInclude>
  </ItemGroup>
  <ItemGroup>
    <ClCompile Include="stdafx.cpp" />
    <ClCompile Include="database\DBProxy.cpp">
      <Filter>database</Filter>
    </ClCompile>
    <ClCompile Include="database\RedisProxy.cpp">
      <Filter>database</Filter>
    </ClCompile>
    <ClCompile Include="credis\RedisClient.cpp">
      <Filter>credis</Filter>
    </ClCompile>
  </ItemGroup>
  <ItemGroup>
    <Filter Include="database">
      <UniqueIdentifier>{9be8ae97-6b4c-4f4e-9ae9-cf8438e7e07a}</UniqueIdentifier>
    </Filter>
    <Filter Include="credis">
      <UniqueIdentifier>{370c7832-b1cf-484f-afa9-a405a8e587e2}</UniqueIdentifier>
    </Filter>
  </ItemGroup>
</Project>