<?xml version="1.0" encoding="utf-8"?>
<Project ToolsVersion="4.0" xmlns="http://schemas.microsoft.com/developer/msbuild/2003">
  <ItemGroup>
    <Filter Include="allocator">
      <UniqueIdentifier>{61db44e6-184b-4574-bd25-5461f8c7d45e}</UniqueIdentifier>
    </Filter>
    <Filter Include="mysql_proxy">
      <UniqueIdentifier>{b0e161df-4a67-477e-a204-5718464b52ff}</UniqueIdentifier>
    </Filter>
    <Filter Include="utility">
      <UniqueIdentifier>{0aca9536-9110-456a-844d-71259cb6be7c}</UniqueIdentifier>
    </Filter>
    <Filter Include="cache">
      <UniqueIdentifier>{1ba12588-f02d-4731-882d-fa15f2a16eff}</UniqueIdentifier>
    </Filter>
    <Filter Include="htio">
      <UniqueIdentifier>{2dd4eebb-cc54-42ef-afdd-2bc92e995a1a}</UniqueIdentifier>
    </Filter>
    <Filter Include="htio\bas">
      <UniqueIdentifier>{469b5079-d607-471d-b502-e40bbd37bf08}</UniqueIdentifier>
    </Filter>
    <Filter Include="keyeio">
      <UniqueIdentifier>{126f1bce-81c3-4bbf-a453-0739af82950a}</UniqueIdentifier>
    </Filter>
  </ItemGroup>
  <ItemGroup>
    <ClInclude Include="allocator\alloc_fwd.h">
      <Filter>allocator</Filter>
    </ClInclude>
    <ClInclude Include="allocator\copyable_allocator.h">
      <Filter>allocator</Filter>
    </ClInclude>
    <ClInclude Include="allocator\list_head.h">
      <Filter>allocator</Filter>
    </ClInclude>
    <ClInclude Include="allocator\shm_allocator.h">
      <Filter>allocator</Filter>
    </ClInclude>
    <ClInclude Include="mysql_proxy\mysql_statement.h">
      <Filter>mysql_proxy</Filter>
    </ClInclude>
    <ClInclude Include="mysql_proxy\mysql_parameters.h">
      <Filter>mysql_proxy</Filter>
    </ClInclude>
    <ClInclude Include="mysql_proxy\mysql_proxy.h">
      <Filter>mysql_proxy</Filter>
    </ClInclude>
    <ClInclude Include="mysql_proxy\mysql_resultset.h">
      <Filter>mysql_proxy</Filter>
    </ClInclude>
    <ClInclude Include="mysql_proxy\mysql_proxy_fwd.h">
      <Filter>mysql_proxy</Filter>
    </ClInclude>
    <ClInclude Include="stdafx.h" />
    <ClInclude Include="keye_fwd.h" />
    <ClInclude Include="utility\utility_fwd.h">
      <Filter>utility</Filter>
    </ClInclude>
    <ClInclude Include="mysql_proxy\mysql_svc.hpp">
      <Filter>mysql_proxy</Filter>
    </ClInclude>
    <ClInclude Include="allocator\keye_allocator.h">
      <Filter>allocator</Filter>
    </ClInclude>
    <ClInclude Include="allocator\static_allocator.h">
      <Filter>allocator</Filter>
    </ClInclude>
    <ClInclude Include="cache\shm_cache.h">
      <Filter>cache</Filter>
    </ClInclude>
    <ClInclude Include="cache\cache.h">
      <Filter>cache</Filter>
    </ClInclude>
    <ClInclude Include="cache\cache_fwd.h">
      <Filter>cache</Filter>
    </ClInclude>
    <ClInclude Include="mysql_proxy\mysql_connection.hpp">
      <Filter>mysql_proxy</Filter>
    </ClInclude>
    <ClInclude Include="mysql_proxy\mysql_parameters.hpp">
      <Filter>mysql_proxy</Filter>
    </ClInclude>
    <ClInclude Include="mysql_proxy\mysql_resultset.hpp">
      <Filter>mysql_proxy</Filter>
    </ClInclude>
    <ClInclude Include="mysql_proxy\mysql_statement.hpp">
      <Filter>mysql_proxy</Filter>
    </ClInclude>
    <ClInclude Include="mysql_proxy\mysql_error.hpp">
      <Filter>mysql_proxy</Filter>
    </ClInclude>
    <ClInclude Include="cache\static_alloc.hpp">
      <Filter>cache</Filter>
    </ClInclude>
    <ClInclude Include="cache\cache_alloc.h">
      <Filter>cache</Filter>
    </ClInclude>
    <ClInclude Include="cache\cache_provider.h">
      <Filter>cache</Filter>
    </ClInclude>
    <ClInclude Include="cache\cache.hpp">
      <Filter>cache</Filter>
    </ClInclude>
    <ClInclude Include="allocator\alloc_pch.hpp">
      <Filter>allocator</Filter>
    </ClInclude>
    <ClInclude Include="mysql_proxy\mysql_proxy_pch.hpp">
      <Filter>mysql_proxy</Filter>
    </ClInclude>
    <ClInclude Include="utility\utility_pch.hpp">
      <Filter>utility</Filter>
    </ClInclude>
    <ClInclude Include="keye_pch.hpp" />
    <ClInclude Include="utility\buffer.h">
      <Filter>utility</Filter>
    </ClInclude>
    <ClInclude Include="utility\system.h">
      <Filter>utility</Filter>
    </ClInclude>
    <ClInclude Include="utility\thread.h">
      <Filter>utility</Filter>
    </ClInclude>
    <ClInclude Include="htio\alloc.h">
      <Filter>htio</Filter>
    </ClInclude>
    <ClInclude Include="htio\metric.h">
      <Filter>htio</Filter>
    </ClInclude>
    <ClInclude Include="htio\service.h">
      <Filter>htio</Filter>
    </ClInclude>
    <ClInclude Include="htio\svc_handler.h">
      <Filter>htio</Filter>
    </ClInclude>
    <ClInclude Include="htio\svc_handler.hpp">
      <Filter>htio</Filter>
    </ClInclude>
    <ClInclude Include="htio\work_handler.h">
      <Filter>htio</Filter>
    </ClInclude>
    <ClInclude Include="htio\work_handler.hpp">
      <Filter>htio</Filter>
    </ClInclude>
    <ClInclude Include="htio\bas\bas_pch.hpp">
      <Filter>htio\bas</Filter>
    </ClInclude>
    <ClInclude Include="htio\bas\io_service_pool.hpp">
      <Filter>htio\bas</Filter>
    </ClInclude>
    <ClInclude Include="htio\bas\service.hpp">
      <Filter>htio\bas</Filter>
    </ClInclude>
    <ClInclude Include="htio\bas\service_handler.hpp">
      <Filter>htio\bas</Filter>
    </ClInclude>
    <ClInclude Include="htio\bas\service_handler_pool.hpp">
      <Filter>htio\bas</Filter>
    </ClInclude>
    <ClInclude Include="htio\bas\bas_fwd.hpp">
      <Filter>htio\bas</Filter>
    </ClInclude>
    <ClInclude Include="htio\htio_pch.hpp">
      <Filter>htio</Filter>
    </ClInclude>
    <ClInclude Include="htio\htio_fwd.h">
      <Filter>htio</Filter>
    </ClInclude>
    <ClInclude Include="utility\library.h">
      <Filter>utility</Filter>
    </ClInclude>
    <ClInclude Include="utility\joint.h">
      <Filter>utility</Filter>
    </ClInclude>
    <ClInclude Include="utility\joint_scheduler.h">
      <Filter>utility</Filter>
    </ClInclude>
    <ClInclude Include="utility\scheduler.h">
      <Filter>utility</Filter>
    </ClInclude>
    <ClInclude Include="utility\conf_file.h">
      <Filter>utility</Filter>
    </ClInclude>
    <ClInclude Include="utility\logger.h">
      <Filter>utility</Filter>
    </ClInclude>
    <ClInclude Include="utility\behavior.h">
      <Filter>utility</Filter>
    </ClInclude>
    <ClInclude Include="utility\security.h">
      <Filter>utility</Filter>
    </ClInclude>
    <ClInclude Include="utility\guid_t.h">
      <Filter>utility</Filter>
    </ClInclude>
    <ClInclude Include="utility\md5_generate.h">
      <Filter>utility</Filter>
    </ClInclude>
    <ClInclude Include="htio\http_client.h">
      <Filter>htio</Filter>
    </ClInclude>
    <ClInclude Include="keyeio\work_handler.h">
      <Filter>keyeio</Filter>
    </ClInclude>
    <ClInclude Include="keyeio\alloc.h">
      <Filter>keyeio</Filter>
    </ClInclude>
    <ClInclude Include="keyeio\impl_decl.h">
      <Filter>keyeio</Filter>
    </ClInclude>
    <ClInclude Include="keyeio\keyeio_fwd.h">
      <Filter>keyeio</Filter>
    </ClInclude>
    <ClInclude Include="keyeio\keyeio_pch.h">
      <Filter>keyeio</Filter>
    </ClInclude>
    <ClInclude Include="keyeio\service.h">
      <Filter>keyeio</Filter>
    </ClInclude>
    <ClInclude Include="keyeio\svc_handler.h">
      <Filter>keyeio</Filter>
    </ClInclude>
    <ClInclude Include="keyeio\packet.h">
      <Filter>keyeio</Filter>
    </ClInclude>
  </ItemGroup>
  <ItemGroup>
    <ClCompile Include="allocator\shm_allocator.cpp">
      <Filter>allocator</Filter>
    </ClCompile>
    <ClCompile Include="mysql_proxy\mysql_parameters.cpp">
      <Filter>mysql_proxy</Filter>
    </ClCompile>
    <ClCompile Include="mysql_proxy\mysql_proxy.cpp">
      <Filter>mysql_proxy</Filter>
    </ClCompile>
    <ClCompile Include="mysql_proxy\mysql_resultset.cpp">
      <Filter>mysql_proxy</Filter>
    </ClCompile>
    <ClCompile Include="mysql_proxy\mysql_statement.cpp">
      <Filter>mysql_proxy</Filter>
    </ClCompile>
    <ClCompile Include="stdafx.cpp" />
    <ClCompile Include="allocator\keye_allocator.cpp">
      <Filter>allocator</Filter>
    </ClCompile>
    <ClCompile Include="allocator\static_allocator.cpp">
      <Filter>allocator</Filter>
    </ClCompile>
    <ClCompile Include="cache\cache.cpp">
      <Filter>cache</Filter>
    </ClCompile>
    <ClCompile Include="cache\shm_cache.cpp">
      <Filter>cache</Filter>
    </ClCompile>
    <ClCompile Include="utility\thread.cpp">
      <Filter>utility</Filter>
    </ClCompile>
    <ClCompile Include="utility\system.cpp">
      <Filter>utility</Filter>
    </ClCompile>
    <ClCompile Include="utility\buffer.cpp">
      <Filter>utility</Filter>
    </ClCompile>
    <ClCompile Include="htio\service.cpp">
      <Filter>htio</Filter>
    </ClCompile>
    <ClCompile Include="htio\metric.cpp">
      <Filter>htio</Filter>
    </ClCompile>
    <ClCompile Include="utility\library.cpp">
      <Filter>utility</Filter>
    </ClCompile>
    <ClCompile Include="utility\joint.cpp">
      <Filter>utility</Filter>
    </ClCompile>
    <ClCompile Include="utility\scheduler.cpp">
      <Filter>utility</Filter>
    </ClCompile>
    <ClCompile Include="utility\conf_file.cpp">
      <Filter>utility</Filter>
    </ClCompile>
    <ClCompile Include="utility\logger.cpp">
      <Filter>utility</Filter>
    </ClCompile>
    <ClCompile Include="utility\behavior.cpp">
      <Filter>utility</Filter>
    </ClCompile>
    <ClCompile Include="utility\security.cpp">
      <Filter>utility</Filter>
    </ClCompile>
    <ClCompile Include="utility\guid_t.cpp">
      <Filter>utility</Filter>
    </ClCompile>
    <ClCompile Include="utility\md5_generate.cpp">
      <Filter>utility</Filter>
    </ClCompile>
    <ClCompile Include="htio\http_client.cpp">
      <Filter>htio</Filter>
    </ClCompile>
    <ClCompile Include="keyeio\svc_handler.cpp">
      <Filter>keyeio</Filter>
    </ClCompile>
    <ClCompile Include="keyeio\servicei.cpp">
      <Filter>keyeio</Filter>
    </ClCompile>
  </ItemGroup>
</Project>